{
  "version": 4,
  "terraform_version": "0.14.9",
  "serial": 79,
  "lineage": "8337ce38-db12-7c74-2e60-e6a2cf482d1c",
  "outputs": {},
  "resources": [
    {
      "mode": "data",
      "type": "template_file",
      "name": "user_data",
      "provider": "provider[\"registry.terraform.io/hashicorp/template\"]",
      "instances": [
        {
          "index_key": "opnstack-01",
          "schema_version": 0,
          "attributes": {
            "filename": null,
            "id": "a5f4850090448b63efc40bbf54f1dd03d112829d58cbf6e4b7f60d1d2433f6aa",
            "rendered": "#cloud-config\nssh_authorized_keys:\n    - ssh-rsa AAAAB3NzaC1yc2EAAAABJQAAAQEAlUaidCe15lh3lDdKDAIvZn5IJR+hqraU6YtEmYnfFi1SDRc2RKPgci+qL3wBpi2kiCefY/+Xwz31/XApKB2mxB6HYHyjNMBClSVvTG/JoADcHUk/qjfJ+PPbl2//lK8TVU8y78F4dv7AXJrPDXYJD6iERPT5+Fgo6SYC9d1tG7iyTHGlpSjUhK9wuc7rtumz7A1NA5Ah4yyCuZfHtmsLHPgwfGZYBbMET5HwR0sDW0jazeSYS4Ob/nb77cETGSWpAuRXo0PHDVVmKd/sp6e0y2iBrb3AiZd0Ty1gRH7R12B4bgBP7yII/3RTav2XSYxMHQ6quSW08JJlnhezC20Aww== rsa-key-20150723\n\nhostname: opnstack-01\nfqdn: opnstack-01.synchrotel.ru\nmanage_etc_hosts: true\n\ntimezone: Europe/Moscow\n\npackages:\n    - python3-minimal\n    - qemu-guest-agent\n\nruncmd:\n  - [ systemctl, daemon-reload ]\n  - [ systemctl, enable, qemu-guest-agent.service ]\n  - [ systemctl, start, qemu-guest-agent.service ]\n",
            "template": "#cloud-config\nssh_authorized_keys:\n    - ${pubkey}\n\nhostname: ${hostname}\nfqdn: ${fqdn}\nmanage_etc_hosts: true\n\ntimezone: Europe/Moscow\n\npackages:\n    - python3-minimal\n    - qemu-guest-agent\n\nruncmd:\n  - [ systemctl, daemon-reload ]\n  - [ systemctl, enable, qemu-guest-agent.service ]\n  - [ systemctl, start, qemu-guest-agent.service ]\n",
            "vars": {
              "fqdn": "opnstack-01.synchrotel.ru",
              "hostname": "opnstack-01",
              "pubkey": "ssh-rsa AAAAB3NzaC1yc2EAAAABJQAAAQEAlUaidCe15lh3lDdKDAIvZn5IJR+hqraU6YtEmYnfFi1SDRc2RKPgci+qL3wBpi2kiCefY/+Xwz31/XApKB2mxB6HYHyjNMBClSVvTG/JoADcHUk/qjfJ+PPbl2//lK8TVU8y78F4dv7AXJrPDXYJD6iERPT5+Fgo6SYC9d1tG7iyTHGlpSjUhK9wuc7rtumz7A1NA5Ah4yyCuZfHtmsLHPgwfGZYBbMET5HwR0sDW0jazeSYS4Ob/nb77cETGSWpAuRXo0PHDVVmKd/sp6e0y2iBrb3AiZd0Ty1gRH7R12B4bgBP7yII/3RTav2XSYxMHQ6quSW08JJlnhezC20Aww== rsa-key-20150723"
            }
          },
          "sensitive_attributes": []
        },
        {
          "index_key": "opnstack-02",
          "schema_version": 0,
          "attributes": {
            "filename": null,
            "id": "a0983faca1802e34a98458b057ab48249314921db337f4cedcf58a27e2a83e72",
            "rendered": "#cloud-config\nssh_authorized_keys:\n    - ssh-rsa AAAAB3NzaC1yc2EAAAABJQAAAQEAlUaidCe15lh3lDdKDAIvZn5IJR+hqraU6YtEmYnfFi1SDRc2RKPgci+qL3wBpi2kiCefY/+Xwz31/XApKB2mxB6HYHyjNMBClSVvTG/JoADcHUk/qjfJ+PPbl2//lK8TVU8y78F4dv7AXJrPDXYJD6iERPT5+Fgo6SYC9d1tG7iyTHGlpSjUhK9wuc7rtumz7A1NA5Ah4yyCuZfHtmsLHPgwfGZYBbMET5HwR0sDW0jazeSYS4Ob/nb77cETGSWpAuRXo0PHDVVmKd/sp6e0y2iBrb3AiZd0Ty1gRH7R12B4bgBP7yII/3RTav2XSYxMHQ6quSW08JJlnhezC20Aww== rsa-key-20150723\n\nhostname: opnstack-02\nfqdn: opnstack-02.synchrotel.ru\nmanage_etc_hosts: true\n\ntimezone: Europe/Moscow\n\npackages:\n    - python3-minimal\n    - qemu-guest-agent\n\nruncmd:\n  - [ systemctl, daemon-reload ]\n  - [ systemctl, enable, qemu-guest-agent.service ]\n  - [ systemctl, start, qemu-guest-agent.service ]\n",
            "template": "#cloud-config\nssh_authorized_keys:\n    - ${pubkey}\n\nhostname: ${hostname}\nfqdn: ${fqdn}\nmanage_etc_hosts: true\n\ntimezone: Europe/Moscow\n\npackages:\n    - python3-minimal\n    - qemu-guest-agent\n\nruncmd:\n  - [ systemctl, daemon-reload ]\n  - [ systemctl, enable, qemu-guest-agent.service ]\n  - [ systemctl, start, qemu-guest-agent.service ]\n",
            "vars": {
              "fqdn": "opnstack-02.synchrotel.ru",
              "hostname": "opnstack-02",
              "pubkey": "ssh-rsa AAAAB3NzaC1yc2EAAAABJQAAAQEAlUaidCe15lh3lDdKDAIvZn5IJR+hqraU6YtEmYnfFi1SDRc2RKPgci+qL3wBpi2kiCefY/+Xwz31/XApKB2mxB6HYHyjNMBClSVvTG/JoADcHUk/qjfJ+PPbl2//lK8TVU8y78F4dv7AXJrPDXYJD6iERPT5+Fgo6SYC9d1tG7iyTHGlpSjUhK9wuc7rtumz7A1NA5Ah4yyCuZfHtmsLHPgwfGZYBbMET5HwR0sDW0jazeSYS4Ob/nb77cETGSWpAuRXo0PHDVVmKd/sp6e0y2iBrb3AiZd0Ty1gRH7R12B4bgBP7yII/3RTav2XSYxMHQ6quSW08JJlnhezC20Aww== rsa-key-20150723"
            }
          },
          "sensitive_attributes": []
        },
        {
          "index_key": "opnstack-03",
          "schema_version": 0,
          "attributes": {
            "filename": null,
            "id": "2ed5e687f708171cef1ed3e50da823f410793b28b322a2cf08349d57ed11a8cf",
            "rendered": "#cloud-config\nssh_authorized_keys:\n    - ssh-rsa AAAAB3NzaC1yc2EAAAABJQAAAQEAlUaidCe15lh3lDdKDAIvZn5IJR+hqraU6YtEmYnfFi1SDRc2RKPgci+qL3wBpi2kiCefY/+Xwz31/XApKB2mxB6HYHyjNMBClSVvTG/JoADcHUk/qjfJ+PPbl2//lK8TVU8y78F4dv7AXJrPDXYJD6iERPT5+Fgo6SYC9d1tG7iyTHGlpSjUhK9wuc7rtumz7A1NA5Ah4yyCuZfHtmsLHPgwfGZYBbMET5HwR0sDW0jazeSYS4Ob/nb77cETGSWpAuRXo0PHDVVmKd/sp6e0y2iBrb3AiZd0Ty1gRH7R12B4bgBP7yII/3RTav2XSYxMHQ6quSW08JJlnhezC20Aww== rsa-key-20150723\n\nhostname: opnstack-03\nfqdn: opnstack-03.synchrotel.ru\nmanage_etc_hosts: true\n\ntimezone: Europe/Moscow\n\npackages:\n    - python3-minimal\n    - qemu-guest-agent\n\nruncmd:\n  - [ systemctl, daemon-reload ]\n  - [ systemctl, enable, qemu-guest-agent.service ]\n  - [ systemctl, start, qemu-guest-agent.service ]\n",
            "template": "#cloud-config\nssh_authorized_keys:\n    - ${pubkey}\n\nhostname: ${hostname}\nfqdn: ${fqdn}\nmanage_etc_hosts: true\n\ntimezone: Europe/Moscow\n\npackages:\n    - python3-minimal\n    - qemu-guest-agent\n\nruncmd:\n  - [ systemctl, daemon-reload ]\n  - [ systemctl, enable, qemu-guest-agent.service ]\n  - [ systemctl, start, qemu-guest-agent.service ]\n",
            "vars": {
              "fqdn": "opnstack-03.synchrotel.ru",
              "hostname": "opnstack-03",
              "pubkey": "ssh-rsa AAAAB3NzaC1yc2EAAAABJQAAAQEAlUaidCe15lh3lDdKDAIvZn5IJR+hqraU6YtEmYnfFi1SDRc2RKPgci+qL3wBpi2kiCefY/+Xwz31/XApKB2mxB6HYHyjNMBClSVvTG/JoADcHUk/qjfJ+PPbl2//lK8TVU8y78F4dv7AXJrPDXYJD6iERPT5+Fgo6SYC9d1tG7iyTHGlpSjUhK9wuc7rtumz7A1NA5Ah4yyCuZfHtmsLHPgwfGZYBbMET5HwR0sDW0jazeSYS4Ob/nb77cETGSWpAuRXo0PHDVVmKd/sp6e0y2iBrb3AiZd0Ty1gRH7R12B4bgBP7yII/3RTav2XSYxMHQ6quSW08JJlnhezC20Aww== rsa-key-20150723"
            }
          },
          "sensitive_attributes": []
        }
      ]
    },
    {
      "mode": "managed",
      "type": "local_file",
      "name": "cloud_init_user_data_file",
      "provider": "provider[\"registry.terraform.io/hashicorp/local\"]",
      "instances": [
        {
          "index_key": "opnstack-01",
          "schema_version": 0,
          "attributes": {
            "content": "#cloud-config\nssh_authorized_keys:\n    - ssh-rsa AAAAB3NzaC1yc2EAAAABJQAAAQEAlUaidCe15lh3lDdKDAIvZn5IJR+hqraU6YtEmYnfFi1SDRc2RKPgci+qL3wBpi2kiCefY/+Xwz31/XApKB2mxB6HYHyjNMBClSVvTG/JoADcHUk/qjfJ+PPbl2//lK8TVU8y78F4dv7AXJrPDXYJD6iERPT5+Fgo6SYC9d1tG7iyTHGlpSjUhK9wuc7rtumz7A1NA5Ah4yyCuZfHtmsLHPgwfGZYBbMET5HwR0sDW0jazeSYS4Ob/nb77cETGSWpAuRXo0PHDVVmKd/sp6e0y2iBrb3AiZd0Ty1gRH7R12B4bgBP7yII/3RTav2XSYxMHQ6quSW08JJlnhezC20Aww== rsa-key-20150723\n\nhostname: opnstack-01\nfqdn: opnstack-01.synchrotel.ru\nmanage_etc_hosts: true\n\ntimezone: Europe/Moscow\n\npackages:\n    - python3-minimal\n    - qemu-guest-agent\n\nruncmd:\n  - [ systemctl, daemon-reload ]\n  - [ systemctl, enable, qemu-guest-agent.service ]\n  - [ systemctl, start, qemu-guest-agent.service ]\n",
            "content_base64": null,
            "directory_permission": "0777",
            "file_permission": "0777",
            "filename": "./cloud-init-configs/user_data_opnstack-01.cfg",
            "id": "26184d48f8c22f67516b11e3269de1d9d4e2a764",
            "sensitive_content": null,
            "source": null
          },
          "sensitive_attributes": [],
          "private": "bnVsbA==",
          "dependencies": [
            "data.template_file.user_data"
          ]
        },
        {
          "index_key": "opnstack-02",
          "schema_version": 0,
          "attributes": {
            "content": "#cloud-config\nssh_authorized_keys:\n    - ssh-rsa AAAAB3NzaC1yc2EAAAABJQAAAQEAlUaidCe15lh3lDdKDAIvZn5IJR+hqraU6YtEmYnfFi1SDRc2RKPgci+qL3wBpi2kiCefY/+Xwz31/XApKB2mxB6HYHyjNMBClSVvTG/JoADcHUk/qjfJ+PPbl2//lK8TVU8y78F4dv7AXJrPDXYJD6iERPT5+Fgo6SYC9d1tG7iyTHGlpSjUhK9wuc7rtumz7A1NA5Ah4yyCuZfHtmsLHPgwfGZYBbMET5HwR0sDW0jazeSYS4Ob/nb77cETGSWpAuRXo0PHDVVmKd/sp6e0y2iBrb3AiZd0Ty1gRH7R12B4bgBP7yII/3RTav2XSYxMHQ6quSW08JJlnhezC20Aww== rsa-key-20150723\n\nhostname: opnstack-02\nfqdn: opnstack-02.synchrotel.ru\nmanage_etc_hosts: true\n\ntimezone: Europe/Moscow\n\npackages:\n    - python3-minimal\n    - qemu-guest-agent\n\nruncmd:\n  - [ systemctl, daemon-reload ]\n  - [ systemctl, enable, qemu-guest-agent.service ]\n  - [ systemctl, start, qemu-guest-agent.service ]\n",
            "content_base64": null,
            "directory_permission": "0777",
            "file_permission": "0777",
            "filename": "./cloud-init-configs/user_data_opnstack-02.cfg",
            "id": "52605f5b731f1a72f76a9f532700d5597d74c35d",
            "sensitive_content": null,
            "source": null
          },
          "sensitive_attributes": [],
          "private": "bnVsbA==",
          "dependencies": [
            "data.template_file.user_data"
          ]
        },
        {
          "index_key": "opnstack-03",
          "schema_version": 0,
          "attributes": {
            "content": "#cloud-config\nssh_authorized_keys:\n    - ssh-rsa AAAAB3NzaC1yc2EAAAABJQAAAQEAlUaidCe15lh3lDdKDAIvZn5IJR+hqraU6YtEmYnfFi1SDRc2RKPgci+qL3wBpi2kiCefY/+Xwz31/XApKB2mxB6HYHyjNMBClSVvTG/JoADcHUk/qjfJ+PPbl2//lK8TVU8y78F4dv7AXJrPDXYJD6iERPT5+Fgo6SYC9d1tG7iyTHGlpSjUhK9wuc7rtumz7A1NA5Ah4yyCuZfHtmsLHPgwfGZYBbMET5HwR0sDW0jazeSYS4Ob/nb77cETGSWpAuRXo0PHDVVmKd/sp6e0y2iBrb3AiZd0Ty1gRH7R12B4bgBP7yII/3RTav2XSYxMHQ6quSW08JJlnhezC20Aww== rsa-key-20150723\n\nhostname: opnstack-03\nfqdn: opnstack-03.synchrotel.ru\nmanage_etc_hosts: true\n\ntimezone: Europe/Moscow\n\npackages:\n    - python3-minimal\n    - qemu-guest-agent\n\nruncmd:\n  - [ systemctl, daemon-reload ]\n  - [ systemctl, enable, qemu-guest-agent.service ]\n  - [ systemctl, start, qemu-guest-agent.service ]\n",
            "content_base64": null,
            "directory_permission": "0777",
            "file_permission": "0777",
            "filename": "./cloud-init-configs/user_data_opnstack-03.cfg",
            "id": "2b1b6f9e7d92b9a5f1eae1b258c7c6bb58f6a1cd",
            "sensitive_content": null,
            "source": null
          },
          "sensitive_attributes": [],
          "private": "bnVsbA==",
          "dependencies": [
            "data.template_file.user_data"
          ]
        }
      ]
    },
    {
      "mode": "managed",
      "type": "null_resource",
      "name": "cloud_init_config_files",
      "provider": "provider[\"registry.terraform.io/hashicorp/null\"]",
      "instances": [
        {
          "index_key": "opnstack-01",
          "schema_version": 0,
          "attributes": {
            "id": "2979183548488247355",
            "triggers": null
          },
          "sensitive_attributes": [],
          "private": "bnVsbA==",
          "dependencies": [
            "data.template_file.user_data",
            "local_file.cloud_init_user_data_file"
          ]
        },
        {
          "index_key": "opnstack-02",
          "schema_version": 0,
          "attributes": {
            "id": "4950373148084933799",
            "triggers": null
          },
          "sensitive_attributes": [],
          "private": "bnVsbA==",
          "dependencies": [
            "data.template_file.user_data",
            "local_file.cloud_init_user_data_file"
          ]
        },
        {
          "index_key": "opnstack-03",
          "schema_version": 0,
          "attributes": {
            "id": "6692466554608178407",
            "triggers": null
          },
          "sensitive_attributes": [],
          "private": "bnVsbA==",
          "dependencies": [
            "data.template_file.user_data",
            "local_file.cloud_init_user_data_file"
          ]
        }
      ]
    },
    {
      "mode": "managed",
      "type": "proxmox_vm_qemu",
      "name": "cloudinit-test",
      "provider": "provider[\"registry.terraform.io/telmate/proxmox\"]",
      "instances": [
        {
          "index_key": "opnstack-01",
          "schema_version": 0,
          "attributes": {
            "additional_wait": 15,
            "agent": 1,
            "balloon": 0,
            "bios": "seabios",
            "boot": "cdn",
            "bootdisk": "scsi0",
            "bridge": "",
            "ci_wait": null,
            "cicustom": "user=local:snippets/user_data_vm-opnstack-01.yml",
            "cipassword": "",
            "ciuser": "",
            "clone": "ci-ubuntu-template",
            "clone_wait": 15,
            "cloudinit_cdrom_storage": null,
            "cores": 8,
            "cpu": "host",
            "default_ipv4_address": "192.168.0.45",
            "define_connection_info": true,
            "desc": "{ \"groups\": [\"opnstack\"] }",
            "disk": [
              {
                "backup": 0,
                "cache": "none",
                "discard": "",
                "file": "vm-111-disk-0",
                "format": "raw",
                "iothread": 0,
                "mbps": 0,
                "mbps_rd": 0,
                "mbps_rd_max": 0,
                "mbps_wr": 0,
                "mbps_wr_max": 0,
                "media": "",
                "replicate": 0,
                "size": "60G",
                "slot": 0,
                "ssd": 0,
                "storage": "ceph-storage",
                "storage_type": "rbd",
                "type": "scsi",
                "volume": "ceph-storage:vm-111-disk-0"
              }
            ],
            "disk_gb": 0,
            "force_create": false,
            "force_recreate_on_change_of": null,
            "full_clone": true,
            "guest_agent_ready_timeout": 600,
            "hastate": "",
            "hotplug": "network,disk,usb",
            "id": "node1/qemu/111",
            "ipconfig0": "ip=192.168.0.45/24,gw=192.168.0.254",
            "ipconfig1": "ip=10.10.10.45/24",
            "ipconfig2": "",
            "iso": null,
            "kvm": true,
            "mac": "",
            "memory": 16384,
            "name": "opnstack-01",
            "nameserver": "",
            "network": [
              {
                "bridge": "vmbr0",
                "firewall": false,
                "link_down": false,
                "macaddr": "5E:2C:12:49:FF:58",
                "model": "virtio",
                "queues": 0,
                "rate": 0,
                "tag": 4
              },
              {
                "bridge": "vmbr0",
                "firewall": false,
                "link_down": false,
                "macaddr": "92:7C:5C:25:9D:85",
                "model": "virtio",
                "queues": 0,
                "rate": 0,
                "tag": -1
              }
            ],
            "nic": "",
            "numa": false,
            "onboot": true,
            "os_network_config": null,
            "os_type": "cloud-init",
            "pool": "",
            "preprovision": true,
            "qemu_os": "other",
            "reboot_required": false,
            "scsihw": "virtio-scsi-pci",
            "searchdomain": "",
            "serial": [],
            "sockets": 1,
            "ssh_forward_ip": null,
            "ssh_host": "192.168.0.45",
            "ssh_port": "22",
            "ssh_private_key": null,
            "ssh_user": null,
            "sshkeys": "",
            "storage": "",
            "storage_type": "",
            "tags": "",
            "target_node": "node1",
            "unused_disk": [],
            "vcpus": 0,
            "vga": [],
            "vlan": -1,
            "vmid": null
          },
          "sensitive_attributes": [],
          "private": "bnVsbA==",
          "dependencies": [
            "data.template_file.user_data",
            "local_file.cloud_init_user_data_file",
            "null_resource.cloud_init_config_files"
          ]
        },
        {
          "index_key": "opnstack-02",
          "schema_version": 0,
          "attributes": {
            "additional_wait": 15,
            "agent": 1,
            "balloon": 0,
            "bios": "seabios",
            "boot": "cdn",
            "bootdisk": "scsi0",
            "bridge": "",
            "ci_wait": null,
            "cicustom": "user=local:snippets/user_data_vm-opnstack-02.yml",
            "cipassword": "",
            "ciuser": "",
            "clone": "ci-ubuntu-template",
            "clone_wait": 15,
            "cloudinit_cdrom_storage": null,
            "cores": 8,
            "cpu": "host",
            "default_ipv4_address": "192.168.0.46",
            "define_connection_info": true,
            "desc": "{ \"groups\": [\"opnstack\"] }",
            "disk": [
              {
                "backup": 0,
                "cache": "none",
                "discard": "",
                "file": "vm-106-disk-0",
                "format": "raw",
                "iothread": 0,
                "mbps": 0,
                "mbps_rd": 0,
                "mbps_rd_max": 0,
                "mbps_wr": 0,
                "mbps_wr_max": 0,
                "media": "",
                "replicate": 0,
                "size": "60G",
                "slot": 0,
                "ssd": 0,
                "storage": "ceph-storage",
                "storage_type": "rbd",
                "type": "scsi",
                "volume": "ceph-storage:vm-106-disk-0"
              }
            ],
            "disk_gb": 0,
            "force_create": false,
            "force_recreate_on_change_of": null,
            "full_clone": true,
            "guest_agent_ready_timeout": 600,
            "hastate": "",
            "hotplug": "network,disk,usb",
            "id": "node2/qemu/106",
            "ipconfig0": "ip=192.168.0.46/24,gw=192.168.0.254",
            "ipconfig1": "ip=10.10.10.46/24",
            "ipconfig2": "",
            "iso": null,
            "kvm": true,
            "mac": "",
            "memory": 16384,
            "name": "opnstack-02",
            "nameserver": "",
            "network": [
              {
                "bridge": "vmbr0",
                "firewall": false,
                "link_down": false,
                "macaddr": "1E:7B:83:06:26:72",
                "model": "virtio",
                "queues": 0,
                "rate": 0,
                "tag": 4
              },
              {
                "bridge": "vmbr0",
                "firewall": false,
                "link_down": false,
                "macaddr": "22:FA:13:05:4C:6D",
                "model": "virtio",
                "queues": 0,
                "rate": 0,
                "tag": -1
              }
            ],
            "nic": "",
            "numa": false,
            "onboot": true,
            "os_network_config": null,
            "os_type": "cloud-init",
            "pool": "",
            "preprovision": true,
            "qemu_os": "other",
            "reboot_required": false,
            "scsihw": "virtio-scsi-pci",
            "searchdomain": "",
            "serial": [],
            "sockets": 1,
            "ssh_forward_ip": null,
            "ssh_host": "192.168.0.46",
            "ssh_port": "22",
            "ssh_private_key": null,
            "ssh_user": null,
            "sshkeys": "",
            "storage": "",
            "storage_type": "",
            "tags": "",
            "target_node": "node2",
            "unused_disk": [],
            "vcpus": 0,
            "vga": [],
            "vlan": -1,
            "vmid": null
          },
          "sensitive_attributes": [],
          "private": "bnVsbA==",
          "dependencies": [
            "data.template_file.user_data",
            "local_file.cloud_init_user_data_file",
            "null_resource.cloud_init_config_files"
          ]
        },
        {
          "index_key": "opnstack-03",
          "schema_version": 0,
          "attributes": {
            "additional_wait": 15,
            "agent": 1,
            "balloon": 0,
            "bios": "seabios",
            "boot": "cdn",
            "bootdisk": "scsi0",
            "bridge": "",
            "ci_wait": null,
            "cicustom": "user=local:snippets/user_data_vm-opnstack-03.yml",
            "cipassword": "",
            "ciuser": "",
            "clone": "ci-ubuntu-template",
            "clone_wait": 15,
            "cloudinit_cdrom_storage": null,
            "cores": 8,
            "cpu": "host",
            "default_ipv4_address": "192.168.0.47",
            "define_connection_info": true,
            "desc": "{ \"groups\": [\"opnstack\"] }",
            "disk": [
              {
                "backup": 0,
                "cache": "none",
                "discard": "",
                "file": "vm-101-disk-0",
                "format": "raw",
                "iothread": 0,
                "mbps": 0,
                "mbps_rd": 0,
                "mbps_rd_max": 0,
                "mbps_wr": 0,
                "mbps_wr_max": 0,
                "media": "",
                "replicate": 0,
                "size": "60G",
                "slot": 0,
                "ssd": 0,
                "storage": "ceph-storage",
                "storage_type": "rbd",
                "type": "scsi",
                "volume": "ceph-storage:vm-101-disk-0"
              }
            ],
            "disk_gb": 0,
            "force_create": false,
            "force_recreate_on_change_of": null,
            "full_clone": true,
            "guest_agent_ready_timeout": 600,
            "hastate": "",
            "hotplug": "network,disk,usb",
            "id": "node3/qemu/101",
            "ipconfig0": "ip=192.168.0.47/24,gw=192.168.0.254",
            "ipconfig1": "ip=10.10.10.47/24",
            "ipconfig2": "",
            "iso": null,
            "kvm": true,
            "mac": "",
            "memory": 16384,
            "name": "opnstack-03",
            "nameserver": "",
            "network": [
              {
                "bridge": "vmbr0",
                "firewall": false,
                "link_down": false,
                "macaddr": "92:2A:4B:ED:F3:74",
                "model": "virtio",
                "queues": 0,
                "rate": 0,
                "tag": 4
              },
              {
                "bridge": "vmbr0",
                "firewall": false,
                "link_down": false,
                "macaddr": "72:93:46:DE:2D:01",
                "model": "virtio",
                "queues": 0,
                "rate": 0,
                "tag": -1
              }
            ],
            "nic": "",
            "numa": false,
            "onboot": true,
            "os_network_config": null,
            "os_type": "cloud-init",
            "pool": "",
            "preprovision": true,
            "qemu_os": "other",
            "reboot_required": false,
            "scsihw": "virtio-scsi-pci",
            "searchdomain": "",
            "serial": [],
            "sockets": 1,
            "ssh_forward_ip": null,
            "ssh_host": "192.168.0.47",
            "ssh_port": "22",
            "ssh_private_key": null,
            "ssh_user": null,
            "sshkeys": "",
            "storage": "",
            "storage_type": "",
            "tags": "",
            "target_node": "node3",
            "unused_disk": [],
            "vcpus": 0,
            "vga": [],
            "vlan": -1,
            "vmid": null
          },
          "sensitive_attributes": [],
          "private": "bnVsbA==",
          "dependencies": [
            "data.template_file.user_data",
            "local_file.cloud_init_user_data_file",
            "null_resource.cloud_init_config_files"
          ]
        }
      ]
    }
  ]
}
